dependencies:
- name: jaeger
  repository: https://jaegertracing.github.io/helm-charts
  version: 0.71.2
- name: opentelemetry-collector
  repository: https://open-telemetry.github.io/opentelemetry-helm-charts
  version: 0.59.1
- name: grafana
  repository: https://grafana.github.io/helm-charts
  version: 6.56.6
- name: victoria-metrics-cluster
  repository: https://victoriametrics.github.io/helm-charts
  version: 0.9.68
digest: sha256:16e361856a65504c580ceafd4ae490f23a86de246c1a6c6e4e971181662c11f5
generated: "2023-05-31T17:46:33.877087+02:00"
